
Microsoft Visual Studio Solution File, Format Version 12.00
# Visual Studio Version 17
VisualStudioVersion = 17.9.34321.82
MinimumVisualStudioVersion = 10.0.40219.1
Project("{FAE04EC0-301F-11D3-BF4B-00C04F79EFBC}") = "ENotes", "ENotes\ENotes\ENotes.csproj", "{629AD7B9-F345-405A-80E0-D34D2392A5CD}"
EndProject
Project("{FAE04EC0-301F-11D3-BF4B-00C04F79EFBC}") = "ENotes.Client", "ENotes\ENotes.Client\ENotes.Client.csproj", "{EDDD77AF-BFCA-4472-BFAC-DD11ED9F410A}"
EndProject
Project("{FAE04EC0-301F-11D3-BF4B-00C04F79EFBC}") = "ENote.Shared", "ENote.Shared\ENote.Shared.csproj", "{793B6E08-DF09-46BE-8D3C-82AD3FE0268D}"
EndProject
Global
	GlobalSection(SolutionConfigurationPlatforms) = preSolution
		Debug|Any CPU = Debug|Any CPU
		Release|Any CPU = Release|Any CPU
	EndGlobalSection
	GlobalSection(ProjectConfigurationPlatforms) = postSolution
		{629AD7B9-F345-405A-80E0-D34D2392A5CD}.Debug|Any CPU.ActiveCfg = Debug|Any CPU
		{629AD7B9-F345-405A-80E0-D34D2392A5CD}.Debug|Any CPU.Build.0 = Debug|Any CPU
		{629AD7B9-F345-405A-80E0-D34D2392A5CD}.Release|Any CPU.ActiveCfg = Release|Any CPU
		{629AD7B9-F345-405A-80E0-D34D2392A5CD}.Release|Any CPU.Build.0 = Release|Any CPU
		{EDDD77AF-BFCA-4472-BFAC-DD11ED9F410A}.Debug|Any CPU.ActiveCfg = Debug|Any CPU
		{EDDD77AF-BFCA-4472-BFAC-DD11ED9F410A}.Debug|Any CPU.Build.0 = Debug|Any CPU
		{EDDD77AF-BFCA-4472-BFAC-DD11ED9F410A}.Release|Any CPU.ActiveCfg = Release|Any CPU
		{EDDD77AF-BFCA-4472-BFAC-DD11ED9F410A}.Release|Any CPU.Build.0 = Release|Any CPU
		{793B6E08-DF09-46BE-8D3C-82AD3FE0268D}.Debug|Any CPU.ActiveCfg = Debug|Any CPU
		{793B6E08-DF09-46BE-8D3C-82AD3FE0268D}.Debug|Any CPU.Build.0 = Debug|Any CPU
		{793B6E08-DF09-46BE-8D3C-82AD3FE0268D}.Release|Any CPU.ActiveCfg = Release|Any CPU
		{793B6E08-DF09-46BE-8D3C-82AD3FE0268D}.Release|Any CPU.Build.0 = Release|Any CPU
	EndGlobalSection
	GlobalSection(SolutionProperties) = preSolution
		HideSolutionNode = FALSE
	EndGlobalSection
	GlobalSection(ExtensibilityGlobals) = postSolution
		SolutionGuid = {554DEA61-C3D1-4BD8-8B36-FF91982A25FE}
	EndGlobalSection
EndGlobal
